// !$*UTF8*$!
{
	archiveVersion = 1;
	classes = {
	};
	objectVersion = 50;
	objects = {

/* Begin PBXBuildFile section */
		867353562493E29D005F2D2A /* AppDelegate.swift in Sources */ = {isa = PBXBuildFile; fileRef = 867353552493E29D005F2D2A /* AppDelegate.swift */; };
		867353582493E29D005F2D2A /* SceneDelegate.swift in Sources */ = {isa = PBXBuildFile; fileRef = 867353572493E29D005F2D2A /* SceneDelegate.swift */; };
		8673535A2493E29D005F2D2A /* ViewController.swift in Sources */ = {isa = PBXBuildFile; fileRef = 867353592493E29D005F2D2A /* ViewController.swift */; };
		8673535D2493E29D005F2D2A /* Main.storyboard in Resources */ = {isa = PBXBuildFile; fileRef = 8673535B2493E29D005F2D2A /* Main.storyboard */; };
		8673535F2493E2A2005F2D2A /* Assets.xcassets in Resources */ = {isa = PBXBuildFile; fileRef = 8673535E2493E2A2005F2D2A /* Assets.xcassets */; };
		867353622493E2A2005F2D2A /* LaunchScreen.storyboard in Resources */ = {isa = PBXBuildFile; fileRef = 867353602493E2A2005F2D2A /* LaunchScreen.storyboard */; };
		8673536A2493E3DB005F2D2A /* TabBarController.swift in Sources */ = {isa = PBXBuildFile; fileRef = 867353692493E3DB005F2D2A /* TabBarController.swift */; };
		8673536C2493EAA2005F2D2A /* ThirdViewController.swift in Sources */ = {isa = PBXBuildFile; fileRef = 8673536B2493EAA2005F2D2A /* ThirdViewController.swift */; };
		86EC7C2D2497CB97005E821F /* PresentViewController.swift in Sources */ = {isa = PBXBuildFile; fileRef = 86EC7C2C2497CB97005E821F /* PresentViewController.swift */; };
		86EC7C2F2497CCB8005E821F /* ForPresentViewController.swift in Sources */ = {isa = PBXBuildFile; fileRef = 86EC7C2E2497CCB8005E821F /* ForPresentViewController.swift */; };
/* End PBXBuildFile section */

/* Begin PBXFileReference section */
		867353522493E29D005F2D2A /* TabBar.app */ = {isa = PBXFileReference; explicitFileType = wrapper.application; includeInIndex = 0; path = TabBar.app; sourceTree = BUILT_PRODUCTS_DIR; };
		867353552493E29D005F2D2A /* AppDelegate.swift */ = {isa = PBXFileReference; lastKnownFileType = sourcecode.swift; path = AppDelegate.swift; sourceTree = "<group>"; };
		867353572493E29D005F2D2A /* SceneDelegate.swift */ = {isa = PBXFileReference; lastKnownFileType = sourcecode.swift; path = SceneDelegate.swift; sourceTree = "<group>"; };
		867353592493E29D005F2D2A /* ViewController.swift */ = {isa = PBXFileReference; lastKnownFileType = sourcecode.swift; path = ViewController.swift; sourceTree = "<group>"; };
		8673535C2493E29D005F2D2A /* Base */ = {isa = PBXFileReference; lastKnownFileType = file.storyboard; name = Base; path = Base.lproj/Main.storyboard; sourceTree = "<group>"; };
		8673535E2493E2A2005F2D2A /* Assets.xcassets */ = {isa = PBXFileReference; lastKnownFileType = folder.assetcatalog; path = Assets.xcassets; sourceTree = "<group>"; };
		867353612493E2A2005F2D2A /* Base */ = {isa = PBXFileReference; lastKnownFileType = file.storyboard; name = Base; path = Base.lproj/LaunchScreen.storyboard; sourceTree = "<group>"; };
		867353632493E2A2005F2D2A /* Info.plist */ = {isa = PBXFileReference; lastKnownFileType = text.plist.xml; path = Info.plist; sourceTree = "<group>"; };
		867353692493E3DB005F2D2A /* TabBarController.swift */ = {isa = PBXFileReference; lastKnownFileType = sourcecode.swift; path = TabBarController.swift; sourceTree = "<group>"; };
		8673536B2493EAA2005F2D2A /* ThirdViewController.swift */ = {isa = PBXFileReference; lastKnownFileType = sourcecode.swift; path = ThirdViewController.swift; sourceTree = "<group>"; };
		86EC7C2C2497CB97005E821F /* PresentViewController.swift */ = {isa = PBXFileReference; lastKnownFileType = sourcecode.swift; path = PresentViewController.swift; sourceTree = "<group>"; };
		86EC7C2E2497CCB8005E821F /* ForPresentViewController.swift */ = {isa = PBXFileReference; lastKnownFileType = sourcecode.swift; path = ForPresentViewController.swift; sourceTree = "<group>"; };
/* End PBXFileReference section */

/* Begin PBXFrameworksBuildPhase section */
		8673534F2493E29D005F2D2A /* Frameworks */ = {
			isa = PBXFrameworksBuildPhase;
			buildActionMask = 2147483647;
			files = (
			);
			runOnlyForDeploymentPostprocessing = 0;
		};
/* End PBXFrameworksBuildPhase section */

/* Begin PBXGroup section */
		867353492493E29D005F2D2A = {
			isa = PBXGroup;
			children = (
				867353542493E29D005F2D2A /* TabBar */,
				867353532493E29D005F2D2A /* Products */,
			);
			sourceTree = "<group>";
		};
		867353532493E29D005F2D2A /* Products */ = {
			isa = PBXGroup;
			children = (
				867353522493E29D005F2D2A /* TabBar.app */,
			);
			name = Products;
			sourceTree = "<group>";
		};
		867353542493E29D005F2D2A /* TabBar */ = {
			isa = PBXGroup;
			children = (
				867353552493E29D005F2D2A /* AppDelegate.swift */,
				867353572493E29D005F2D2A /* SceneDelegate.swift */,
				867353592493E29D005F2D2A /* ViewController.swift */,
				8673535B2493E29D005F2D2A /* Main.storyboard */,
				8673535E2493E2A2005F2D2A /* Assets.xcassets */,
				867353602493E2A2005F2D2A /* LaunchScreen.storyboard */,
				867353632493E2A2005F2D2A /* Info.plist */,
				867353692493E3DB005F2D2A /* TabBarController.swift */,
				8673536B2493EAA2005F2D2A /* ThirdViewController.swift */,
				86EC7C2C2497CB97005E821F /* PresentViewController.swift */,
				86EC7C2E2497CCB8005E821F /* ForPresentViewController.swift */,
			);
			path = TabBar;
			sourceTree = "<group>";
		};
/* End PBXGroup section */

/* Begin PBXNativeTarget section */
		867353512493E29D005F2D2A /* TabBar */ = {
			isa = PBXNativeTarget;
			buildConfigurationList = 867353662493E2A2005F2D2A /* Build configuration list for PBXNativeTarget "TabBar" */;
			buildPhases = (
				8673534E2493E29D005F2D2A /* Sources */,
				8673534F2493E29D005F2D2A /* Frameworks */,
				867353502493E29D005F2D2A /* Resources */,
			);
			buildRules = (
			);
			dependencies = (
			);
			name = TabBar;
			productName = TabBar;
			productReference = 867353522493E29D005F2D2A /* TabBar.app */;
			productType = "com.apple.product-type.application";
		};
/* End PBXNativeTarget section */

/* Begin PBXProject section */
		8673534A2493E29D005F2D2A /* Project object */ = {
			isa = PBXProject;
			attributes = {
				LastSwiftUpdateCheck = 1100;
				LastUpgradeCheck = 1100;
				ORGANIZATIONNAME = "Varsik Tumanyan";
				TargetAttributes = {
					867353512493E29D005F2D2A = {
						CreatedOnToolsVersion = 11.0;
					};
				};
			};
			buildConfigurationList = 8673534D2493E29D005F2D2A /* Build configuration list for PBXProject "TabBar" */;
			compatibilityVersion = "Xcode 9.3";
			developmentRegion = en;
			hasScannedForEncodings = 0;
			knownRegions = (
				en,
				Base,
			);
			mainGroup = 867353492493E29D005F2D2A;
			productRefGroup = 867353532493E29D005F2D2A /* Products */;
			projectDirPath = "";
			projectRoot = "";
			targets = (
				867353512493E29D005F2D2A /* TabBar */,
			);
		};
/* End PBXProject section */

/* Begin PBXResourcesBuildPhase section */
		867353502493E29D005F2D2A /* Resources */ = {
			isa = PBXResourcesBuildPhase;
			buildActionMask = 2147483647;
			files = (
				867353622493E2A2005F2D2A /* LaunchScreen.storyboard in Resources */,
				8673535F2493E2A2005F2D2A /* Assets.xcassets in Resources */,
				8673535D2493E29D005F2D2A /* Main.storyboard in Resources */,
			);
			runOnlyForDeploymentPostprocessing = 0;
		};
/* End PBXResourcesBuildPhase section */

/* Begin PBXSourcesBuildPhase section */
		8673534E2493E29D005F2D2A /* Sources */ = {
			isa = PBXSourcesBuildPhase;
			buildActionMask = 2147483647;
			files = (
				8673535A2493E29D005F2D2A /* ViewController.swift in Sources */,
				8673536A2493E3DB005F2D2A /* TabBarController.swift in Sources */,
				86EC7C2D2497CB97005E821F /* PresentViewController.swift in Sources */,
				8673536C2493EAA2005F2D2A /* ThirdViewController.swift in Sources */,
				867353562493E29D005F2D2A /* AppDelegate.swift in Sources */,
				86EC7C2F2497CCB8005E821F /* ForPresentViewController.swift in Sources */,
				867353582493E29D005F2D2A /* SceneDelegate.swift in Sources */,
			);
			runOnlyForDeploymentPostprocessing = 0;
		};
/* End PBXSourcesBuildPhase section */

/* Begin PBXVariantGroup section */
		8673535B2493E29D005F2D2A /* Main.storyboard */ = {
			isa = PBXVariantGroup;
			children = (
				8673535C2493E29D005F2D2A /* Base */,
			);
			name = Main.storyboard;
			sourceTree = "<group>";
		};
		867353602493E2A2005F2D2A /* LaunchScreen.storyboard */ = {
			isa = PBXVariantGroup;
			children = (
				867353612493E2A2005F2D2A /* Base */,
			);
			name = LaunchScreen.storyboard;
			sourceTree = "<group>";
		};
/* End PBXVariantGroup section */

/* Begin XCBuildConfiguration section */
		867353642493E2A2005F2D2A /* Debug */ = {
			isa = XCBuildConfiguration;
			buildSettings = {
				ALWAYS_SEARCH_USER_PATHS = NO;
				CLANG_ANALYZER_NONNULL = YES;
				CLANG_ANALYZER_NUMBER_OBJECT_CONVERSION = YES_AGGRESSIVE;
				CLANG_CXX_LANGUAGE_STANDARD = "gnu++14";
				CLANG_CXX_LIBRARY = "libc++";
				CLANG_ENABLE_MODULES = YES;
				CLANG_ENABLE_OBJC_ARC = YES;
				CLANG_ENABLE_OBJC_WEAK = YES;
				CLANG_WARN_BLOCK_CAPTURE_AUTORELEASING = YES;
				CLANG_WARN_BOOL_CONVERSION = YES;
				CLANG_WARN_COMMA = YES;
				CLANG_WARN_CONSTANT_CONVERSION = YES;
				CLANG_WARN_DEPRECATED_OBJC_IMPLEMENTATIONS = YES;
				CLANG_WARN_DIRECT_OBJC_ISA_USAGE = YES_ERROR;
				CLANG_WARN_DOCUMENTATION_COMMENTS = YES;
				CLANG_WARN_EMPTY_BODY = YES;
				CLANG_WARN_ENUM_CONVERSION = YES;
				CLANG_WARN_INFINITE_RECURSION = YES;
				CLANG_WARN_INT_CONVERSION = YES;
				CLANG_WARN_NON_LITERAL_NULL_CONVERSION = YES;
				CLANG_WARN_OBJC_IMPLICIT_RETAIN_SELF = YES;
				CLANG_WARN_OBJC_LITERAL_CONVERSION = YES;
				CLANG_WARN_OBJC_ROOT_CLASS = YES_ERROR;
				CLANG_WARN_RANGE_LOOP_ANALYSIS = YES;
				CLANG_WARN_STRICT_PROTOTYPES = YES;
				CLANG_WARN_SUSPICIOUS_MOVE = YES;
				CLANG_WARN_UNGUARDED_AVAILABILITY = YES_AGGRESSIVE;
				CLANG_WARN_UNREACHABLE_CODE = YES;
				CLANG_WARN__DUPLICATE_METHOD_MATCH = YES;
				COPY_PHASE_STRIP = NO;
				DEBUG_INFORMATION_FORMAT = dwarf;
				ENABLE_STRICT_OBJC_MSGSEND = YES;
				ENABLE_TESTABILITY = YES;
				GCC_C_LANGUAGE_STANDARD = gnu11;
				GCC_DYNAMIC_NO_PIC = NO;
				GCC_NO_COMMON_BLOCKS = YES;
				GCC_OPTIMIZATION_LEVEL = 0;
				GCC_PREPROCESSOR_DEFINITIONS = (
					"DEBUG=1",
					"$(inherited)",
				);
				GCC_WARN_64_TO_32_BIT_CONVERSION = YES;
				GCC_WARN_ABOUT_RETURN_TYPE = YES_ERROR;
				GCC_WARN_UNDECLARED_SELECTOR = YES;
				GCC_WARN_UNINITIALIZED_AUTOS = YES_AGGRESSIVE;
				GCC_WARN_UNUSED_FUNCTION = YES;
				GCC_WARN_UNUSED_VARIABLE = YES;
				IPHONEOS_DEPLOYMENT_TARGET = 13.0;
				MTL_ENABLE_DEBUG_INFO = INCLUDE_SOURCE;
				MTL_FAST_MATH = YES;
				ONLY_ACTIVE_ARCH = YES;
				SDKROOT = iphoneos;
				SWIFT_ACTIVE_COMPILATION_CONDITIONS = DEBUG;
				SWIFT_OPTIMIZATION_LEVEL = "-Onone";
			};
			name = Debug;
		};
		867353652493E2A2005F2D2A /* Release */ = {
			isa = XCBuildConfiguration;
			buildSettings = {
				ALWAYS_SEARCH_USER_PATHS = NO;
				CLANG_ANALYZER_NONNULL = YES;
				CLANG_ANALYZER_NUMBER_OBJECT_CONVERSION = YES_AGGRESSIVE;
				CLANG_CXX_LANGUAGE_STANDARD = "gnu++14";
				CLANG_CXX_LIBRARY = "libc++";
				CLANG_ENABLE_MODULES = YES;
				CLANG_ENABLE_OBJC_ARC = YES;
				CLANG_ENABLE_OBJC_WEAK = YES;
				CLANG_WARN_BLOCK_CAPTURE_AUTORELEASING = YES;
				CLANG_WARN_BOOL_CONVERSION = YES;
				CLANG_WARN_COMMA = YES;
				CLANG_WARN_CONSTANT_CONVERSION = YES;
				CLANG_WARN_DEPRECATED_OBJC_IMPLEMENTATIONS = YES;
				CLANG_WARN_DIRECT_OBJC_ISA_USAGE = YES_ERROR;
				CLANG_WARN_DOCUMENTATION_COMMENTS = YES;
				CLANG_WARN_EMPTY_BODY = YES;
				CLANG_WARN_ENUM_CONVERSION = YES;
				CLANG_WARN_INFINITE_RECURSION = YES;
				CLANG_WARN_INT_CONVERSION = YES;
				CLANG_WARN_NON_LITERAL_NULL_CONVERSION = YES;
				CLANG_WARN_OBJC_IMPLICIT_RETAIN_SELF = YES;
				CLANG_WARN_OBJC_LITERAL_CONVERSION = YES;
				CLANG_WARN_OBJC_ROOT_CLASS = YES_ERROR;
				CLANG_WARN_RANGE_LOOP_ANALYSIS = YES;
				CLANG_WARN_STRICT_PROTOTYPES = YES;
				CLANG_WARN_SUSPICIOUS_MOVE = YES;
				CLANG_WARN_UNGUARDED_AVAILABILITY = YES_AGGRESSIVE;
				CLANG_WARN_UNREACHABLE_CODE = YES;
				CLANG_WARN__DUPLICATE_METHOD_MATCH = YES;
				COPY_PHASE_STRIP = NO;
				DEBUG_INFORMATION_FORMAT = "dwarf-with-dsym";
				ENABLE_NS_ASSERTIONS = NO;
				ENABLE_STRICT_OBJC_MSGSEND = YES;
				GCC_C_LANGUAGE_STANDARD = gnu11;
				GCC_NO_COMMON_BLOCKS = YES;
				GCC_WARN_64_TO_32_BIT_CONVERSION = YES;
				GCC_WARN_ABOUT_RETURN_TYPE = YES_ERROR;
				GCC_WARN_UNDECLARED_SELECTOR = YES;
				GCC_WARN_UNINITIALIZED_AUTOS = YES_AGGRESSIVE;
				GCC_WARN_UNUSED_FUNCTION = YES;
				GCC_WARN_UNUSED_VARIABLE = YES;
				IPHONEOS_DEPLOYMENT_TARGET = 13.0;
				MTL_ENABLE_DEBUG_INFO = NO;
				MTL_FAST_MATH = YES;
				SDKROOT = iphoneos;
				SWIFT_COMPILATION_MODE = wholemodule;
				SWIFT_OPTIMIZATION_LEVEL = "-O";
				VALIDATE_PRODUCT = YES;
			};
			name = Release;
		};
		867353672493E2A2005F2D2A /* Debug */ = {
			isa = XCBuildConfiguration;
			buildSettings = {
				ASSETCATALOG_COMPILER_APPICON_NAME = AppIcon;
				CODE_SIGN_STYLE = Automatic;
				INFOPLIST_FILE = TabBar/Info.plist;
				LD_RUNPATH_SEARCH_PATHS = (
					"$(inherited)",
					"@executable_path/Frameworks",
				);
				PRODUCT_BUNDLE_IDENTIFIER = Vars.TabBar;
				PRODUCT_NAME = "$(TARGET_NAME)";
				SWIFT_VERSION = 5.0;
				TARGETED_DEVICE_FAMILY = "1,2";
			};
			name = Debug;
		};
		867353682493E2A2005F2D2A /* Release */ = {
			isa = XCBuildConfiguration;
			buildSettings = {
				ASSETCATALOG_COMPILER_APPICON_NAME = AppIcon;
				CODE_SIGN_STYLE = Automatic;
				INFOPLIST_FILE = TabBar/Info.plist;
				LD_RUNPATH_SEARCH_PATHS = (
					"$(inherited)",
					"@executable_path/Frameworks",
				);
				PRODUCT_BUNDLE_IDENTIFIER = Vars.TabBar;
				PRODUCT_NAME = "$(TARGET_NAME)";
				SWIFT_VERSION = 5.0;
				TARGETED_DEVICE_FAMILY = "1,2";
			};
			name = Release;
		};
/* End XCBuildConfiguration section */

/* Begin XCConfigurationList section */
		8673534D2493E29D005F2D2A /* Build configuration list for PBXProject "TabBar" */ = {
			isa = XCConfigurationList;
			buildConfigurations = (
				867353642493E2A2005F2D2A /* Debug */,
				867353652493E2A2005F2D2A /* Release */,
			);
			defaultConfigurationIsVisible = 0;
			defaultConfigurationName = Release;
		};
		867353662493E2A2005F2D2A /* Build configuration list for PBXNativeTarget "TabBar" */ = {
			isa = XCConfigurationList;
			buildConfigurations = (
				867353672493E2A2005F2D2A /* Debug */,
				867353682493E2A2005F2D2A /* Release */,
			);
			defaultConfigurationIsVisible = 0;
			defaultConfigurationName = Release;
		};
/* End XCConfigurationList section */
	};
	rootObject = 8673534A2493E29D005F2D2A /* Project object */;
}
